// !$*UTF8*$!
{
	archiveVersion = 1;
	classes = {
	};
	objectVersion = 56;
	objects = {

/* Begin PBXBuildFile section */
		58348B6B2A1A779700848CB7 /* ExampleApp.swift in Sources */ = {isa = PBXBuildFile; fileRef = 58348B6A2A1A779700848CB7 /* ExampleApp.swift */; };
		58348B6D2A1A779700848CB7 /* ContentView.swift in Sources */ = {isa = PBXBuildFile; fileRef = 58348B6C2A1A779700848CB7 /* ContentView.swift */; };
		58348B6F2A1A779800848CB7 /* Assets.xcassets in Resources */ = {isa = PBXBuildFile; fileRef = 58348B6E2A1A779800848CB7 /* Assets.xcassets */; };
		58348B722A1A779800848CB7 /* Preview Assets.xcassets in Resources */ = {isa = PBXBuildFile; fileRef = 58348B712A1A779800848CB7 /* Preview Assets.xcassets */; };
		58348B7C2A1A779800848CB7 /* ExampleTests.swift in Sources */ = {isa = PBXBuildFile; fileRef = 58348B7B2A1A779800848CB7 /* ExampleTests.swift */; };
		58348B862A1A779800848CB7 /* ExampleUITests.swift in Sources */ = {isa = PBXBuildFile; fileRef = 58348B852A1A779800848CB7 /* ExampleUITests.swift */; };
		58348B882A1A779800848CB7 /* ExampleUITestsLaunchTests.swift in Sources */ = {isa = PBXBuildFile; fileRef = 58348B872A1A779800848CB7 /* ExampleUITestsLaunchTests.swift */; };
		58348B962A1A77F600848CB7 /* MetalUI in Frameworks */ = {isa = PBXBuildFile; productRef = 58348B952A1A77F600848CB7 /* MetalUI */; };
		58348B992A1A786D00848CB7 /* Shaders.metal in Sources */ = {isa = PBXBuildFile; fileRef = 58348B982A1A786D00848CB7 /* Shaders.metal */; };
		58348B9B2A1A78A400848CB7 /* CustomMetalView.swift in Sources */ = {isa = PBXBuildFile; fileRef = 58348B9A2A1A78A400848CB7 /* CustomMetalView.swift */; };
		58348B9D2A1A78C200848CB7 /* BasicMetalRenderer.swift in Sources */ = {isa = PBXBuildFile; fileRef = 58348B9C2A1A78C200848CB7 /* BasicMetalRenderer.swift */; };
/* End PBXBuildFile section */

/* Begin PBXContainerItemProxy section */
		58348B782A1A779800848CB7 /* PBXContainerItemProxy */ = {
			isa = PBXContainerItemProxy;
			containerPortal = 58348B5F2A1A779700848CB7 /* Project object */;
			proxyType = 1;
			remoteGlobalIDString = 58348B662A1A779700848CB7;
			remoteInfo = Example;
		};
		58348B822A1A779800848CB7 /* PBXContainerItemProxy */ = {
			isa = PBXContainerItemProxy;
			containerPortal = 58348B5F2A1A779700848CB7 /* Project object */;
			proxyType = 1;
			remoteGlobalIDString = 58348B662A1A779700848CB7;
			remoteInfo = Example;
		};
/* End PBXContainerItemProxy section */

/* Begin PBXFileReference section */
		58348B672A1A779700848CB7 /* Example.app */ = {isa = PBXFileReference; explicitFileType = wrapper.application; includeInIndex = 0; path = Example.app; sourceTree = BUILT_PRODUCTS_DIR; };
		58348B6A2A1A779700848CB7 /* ExampleApp.swift */ = {isa = PBXFileReference; lastKnownFileType = sourcecode.swift; path = ExampleApp.swift; sourceTree = "<group>"; };
		58348B6C2A1A779700848CB7 /* ContentView.swift */ = {isa = PBXFileReference; lastKnownFileType = sourcecode.swift; path = ContentView.swift; sourceTree = "<group>"; };
		58348B6E2A1A779800848CB7 /* Assets.xcassets */ = {isa = PBXFileReference; lastKnownFileType = folder.assetcatalog; path = Assets.xcassets; sourceTree = "<group>"; };
		58348B712A1A779800848CB7 /* Preview Assets.xcassets */ = {isa = PBXFileReference; lastKnownFileType = folder.assetcatalog; path = "Preview Assets.xcassets"; sourceTree = "<group>"; };
		58348B772A1A779800848CB7 /* ExampleTests.xctest */ = {isa = PBXFileReference; explicitFileType = wrapper.cfbundle; includeInIndex = 0; path = ExampleTests.xctest; sourceTree = BUILT_PRODUCTS_DIR; };
		58348B7B2A1A779800848CB7 /* ExampleTests.swift */ = {isa = PBXFileReference; lastKnownFileType = sourcecode.swift; path = ExampleTests.swift; sourceTree = "<group>"; };
		58348B812A1A779800848CB7 /* ExampleUITests.xctest */ = {isa = PBXFileReference; explicitFileType = wrapper.cfbundle; includeInIndex = 0; path = ExampleUITests.xctest; sourceTree = BUILT_PRODUCTS_DIR; };
		58348B852A1A779800848CB7 /* ExampleUITests.swift */ = {isa = PBXFileReference; lastKnownFileType = sourcecode.swift; path = ExampleUITests.swift; sourceTree = "<group>"; };
		58348B872A1A779800848CB7 /* ExampleUITestsLaunchTests.swift */ = {isa = PBXFileReference; lastKnownFileType = sourcecode.swift; path = ExampleUITestsLaunchTests.swift; sourceTree = "<group>"; };
		58348B982A1A786D00848CB7 /* Shaders.metal */ = {isa = PBXFileReference; lastKnownFileType = sourcecode.metal; path = Shaders.metal; sourceTree = "<group>"; };
		58348B9A2A1A78A400848CB7 /* CustomMetalView.swift */ = {isa = PBXFileReference; lastKnownFileType = sourcecode.swift; path = CustomMetalView.swift; sourceTree = "<group>"; };
		58348B9C2A1A78C200848CB7 /* BasicMetalRenderer.swift */ = {isa = PBXFileReference; lastKnownFileType = sourcecode.swift; path = BasicMetalRenderer.swift; sourceTree = "<group>"; };
/* End PBXFileReference section */

/* Begin PBXFrameworksBuildPhase section */
		58348B642A1A779700848CB7 /* Frameworks */ = {
			isa = PBXFrameworksBuildPhase;
			buildActionMask = 2147483647;
			files = (
				58348B962A1A77F600848CB7 /* MetalUI in Frameworks */,
			);
			runOnlyForDeploymentPostprocessing = 0;
		};
		58348B742A1A779800848CB7 /* Frameworks */ = {
			isa = PBXFrameworksBuildPhase;
			buildActionMask = 2147483647;
			files = (
			);
			runOnlyForDeploymentPostprocessing = 0;
		};
		58348B7E2A1A779800848CB7 /* Frameworks */ = {
			isa = PBXFrameworksBuildPhase;
			buildActionMask = 2147483647;
			files = (
			);
			runOnlyForDeploymentPostprocessing = 0;
		};
/* End PBXFrameworksBuildPhase section */

/* Begin PBXGroup section */
		58348B5E2A1A779700848CB7 = {
			isa = PBXGroup;
			children = (
				58348B692A1A779700848CB7 /* Example */,
				58348B7A2A1A779800848CB7 /* ExampleTests */,
				58348B842A1A779800848CB7 /* ExampleUITests */,
				58348B682A1A779700848CB7 /* Products */,
			);
			sourceTree = "<group>";
		};
		58348B682A1A779700848CB7 /* Products */ = {
			isa = PBXGroup;
			children = (
				58348B672A1A779700848CB7 /* Example.app */,
				58348B772A1A779800848CB7 /* ExampleTests.xctest */,
				58348B812A1A779800848CB7 /* ExampleUITests.xctest */,
			);
			name = Products;
			sourceTree = "<group>";
		};
		58348B692A1A779700848CB7 /* Example */ = {
			isa = PBXGroup;
			children = (
				58348B972A1A786500848CB7 /* Helpers */,
				58348B6A2A1A779700848CB7 /* ExampleApp.swift */,
				58348B6C2A1A779700848CB7 /* ContentView.swift */,
				58348B6E2A1A779800848CB7 /* Assets.xcassets */,
				58348B702A1A779800848CB7 /* Preview Content */,
			);
			path = Example;
			sourceTree = "<group>";
		};
		58348B702A1A779800848CB7 /* Preview Content */ = {
			isa = PBXGroup;
			children = (
				58348B712A1A779800848CB7 /* Preview Assets.xcassets */,
			);
			path = "Preview Content";
			sourceTree = "<group>";
		};
		58348B7A2A1A779800848CB7 /* ExampleTests */ = {
			isa = PBXGroup;
			children = (
				58348B7B2A1A779800848CB7 /* ExampleTests.swift */,
			);
			path = ExampleTests;
			sourceTree = "<group>";
		};
		58348B842A1A779800848CB7 /* ExampleUITests */ = {
			isa = PBXGroup;
			children = (
				58348B852A1A779800848CB7 /* ExampleUITests.swift */,
				58348B872A1A779800848CB7 /* ExampleUITestsLaunchTests.swift */,
			);
			path = ExampleUITests;
			sourceTree = "<group>";
		};
		58348B972A1A786500848CB7 /* Helpers */ = {
			isa = PBXGroup;
			children = (
				58348B982A1A786D00848CB7 /* Shaders.metal */,
				58348B9A2A1A78A400848CB7 /* CustomMetalView.swift */,
				58348B9C2A1A78C200848CB7 /* BasicMetalRenderer.swift */,
			);
			path = Helpers;
			sourceTree = "<group>";
		};
/* End PBXGroup section */

/* Begin PBXNativeTarget section */
		58348B662A1A779700848CB7 /* Example */ = {
			isa = PBXNativeTarget;
			buildConfigurationList = 58348B8B2A1A779800848CB7 /* Build configuration list for PBXNativeTarget "Example" */;
			buildPhases = (
				58348B632A1A779700848CB7 /* Sources */,
				58348B642A1A779700848CB7 /* Frameworks */,
				58348B652A1A779700848CB7 /* Resources */,
			);
			buildRules = (
			);
			dependencies = (
			);
			name = Example;
			packageProductDependencies = (
				58348B952A1A77F600848CB7 /* MetalUI */,
			);
			productName = Example;
			productReference = 58348B672A1A779700848CB7 /* Example.app */;
			productType = "com.apple.product-type.application";
		};
		58348B762A1A779800848CB7 /* ExampleTests */ = {
			isa = PBXNativeTarget;
			buildConfigurationList = 58348B8E2A1A779800848CB7 /* Build configuration list for PBXNativeTarget "ExampleTests" */;
			buildPhases = (
				58348B732A1A779800848CB7 /* Sources */,
				58348B742A1A779800848CB7 /* Frameworks */,
				58348B752A1A779800848CB7 /* Resources */,
			);
			buildRules = (
			);
			dependencies = (
				58348B792A1A779800848CB7 /* PBXTargetDependency */,
			);
			name = ExampleTests;
			productName = ExampleTests;
			productReference = 58348B772A1A779800848CB7 /* ExampleTests.xctest */;
			productType = "com.apple.product-type.bundle.unit-test";
		};
		58348B802A1A779800848CB7 /* ExampleUITests */ = {
			isa = PBXNativeTarget;
			buildConfigurationList = 58348B912A1A779800848CB7 /* Build configuration list for PBXNativeTarget "ExampleUITests" */;
			buildPhases = (
				58348B7D2A1A779800848CB7 /* Sources */,
				58348B7E2A1A779800848CB7 /* Frameworks */,
				58348B7F2A1A779800848CB7 /* Resources */,
			);
			buildRules = (
			);
			dependencies = (
				58348B832A1A779800848CB7 /* PBXTargetDependency */,
			);
			name = ExampleUITests;
			productName = ExampleUITests;
			productReference = 58348B812A1A779800848CB7 /* ExampleUITests.xctest */;
			productType = "com.apple.product-type.bundle.ui-testing";
		};
/* End PBXNativeTarget section */

/* Begin PBXProject section */
		58348B5F2A1A779700848CB7 /* Project object */ = {
			isa = PBXProject;
			attributes = {
				BuildIndependentTargetsInParallel = 1;
				LastSwiftUpdateCheck = 1430;
				LastUpgradeCheck = 1430;
				TargetAttributes = {
					58348B662A1A779700848CB7 = {
						CreatedOnToolsVersion = 14.3;
					};
					58348B762A1A779800848CB7 = {
						CreatedOnToolsVersion = 14.3;
						TestTargetID = 58348B662A1A779700848CB7;
					};
					58348B802A1A779800848CB7 = {
						CreatedOnToolsVersion = 14.3;
						TestTargetID = 58348B662A1A779700848CB7;
					};
				};
			};
			buildConfigurationList = 58348B622A1A779700848CB7 /* Build configuration list for PBXProject "Example" */;
			compatibilityVersion = "Xcode 14.0";
			developmentRegion = en;
			hasScannedForEncodings = 0;
			knownRegions = (
				en,
				Base,
			);
			mainGroup = 58348B5E2A1A779700848CB7;
			packageReferences = (
				58348B942A1A77F600848CB7 /* XCRemoteSwiftPackageReference "MetalUI" */,
			);
			productRefGroup = 58348B682A1A779700848CB7 /* Products */;
			projectDirPath = "";
			projectRoot = "";
			targets = (
				58348B662A1A779700848CB7 /* Example */,
				58348B762A1A779800848CB7 /* ExampleTests */,
				58348B802A1A779800848CB7 /* ExampleUITests */,
			);
		};
/* End PBXProject section */

/* Begin PBXResourcesBuildPhase section */
		58348B652A1A779700848CB7 /* Resources */ = {
			isa = PBXResourcesBuildPhase;
			buildActionMask = 2147483647;
			files = (
				58348B722A1A779800848CB7 /* Preview Assets.xcassets in Resources */,
				58348B6F2A1A779800848CB7 /* Assets.xcassets in Resources */,
			);
			runOnlyForDeploymentPostprocessing = 0;
		};
		58348B752A1A779800848CB7 /* Resources */ = {
			isa = PBXResourcesBuildPhase;
			buildActionMask = 2147483647;
			files = (
			);
			runOnlyForDeploymentPostprocessing = 0;
		};
		58348B7F2A1A779800848CB7 /* Resources */ = {
			isa = PBXResourcesBuildPhase;
			buildActionMask = 2147483647;
			files = (
			);
			runOnlyForDeploymentPostprocessing = 0;
		};
/* End PBXResourcesBuildPhase section */

/* Begin PBXSourcesBuildPhase section */
		58348B632A1A779700848CB7 /* Sources */ = {
			isa = PBXSourcesBuildPhase;
			buildActionMask = 2147483647;
			files = (
				58348B9B2A1A78A400848CB7 /* CustomMetalView.swift in Sources */,
				58348B992A1A786D00848CB7 /* Shaders.metal in Sources */,
				58348B9D2A1A78C200848CB7 /* BasicMetalRenderer.swift in Sources */,
				58348B6D2A1A779700848CB7 /* ContentView.swift in Sources */,
				58348B6B2A1A779700848CB7 /* ExampleApp.swift in Sources */,
			);
			runOnlyForDeploymentPostprocessing = 0;
		};
		58348B732A1A779800848CB7 /* Sources */ = {
			isa = PBXSourcesBuildPhase;
			buildActionMask = 2147483647;
			files = (
				58348B7C2A1A779800848CB7 /* ExampleTests.swift in Sources */,
			);
			runOnlyForDeploymentPostprocessing = 0;
		};
		58348B7D2A1A779800848CB7 /* Sources */ = {
			isa = PBXSourcesBuildPhase;
			buildActionMask = 2147483647;
			files = (
				58348B862A1A779800848CB7 /* ExampleUITests.swift in Sources */,
				58348B882A1A779800848CB7 /* ExampleUITestsLaunchTests.swift in Sources */,
			);
			runOnlyForDeploymentPostprocessing = 0;
		};
/* End PBXSourcesBuildPhase section */

/* Begin PBXTargetDependency section */
		58348B792A1A779800848CB7 /* PBXTargetDependency */ = {
			isa = PBXTargetDependency;
			target = 58348B662A1A779700848CB7 /* Example */;
			targetProxy = 58348B782A1A779800848CB7 /* PBXContainerItemProxy */;
		};
		58348B832A1A779800848CB7 /* PBXTargetDependency */ = {
			isa = PBXTargetDependency;
			target = 58348B662A1A779700848CB7 /* Example */;
			targetProxy = 58348B822A1A779800848CB7 /* PBXContainerItemProxy */;
		};
/* End PBXTargetDependency section */

/* Begin XCBuildConfiguration section */
		58348B892A1A779800848CB7 /* Debug */ = {
			isa = XCBuildConfiguration;
			buildSettings = {
				ALWAYS_SEARCH_USER_PATHS = NO;
				CLANG_ANALYZER_NONNULL = YES;
				CLANG_ANALYZER_NUMBER_OBJECT_CONVERSION = YES_AGGRESSIVE;
				CLANG_CXX_LANGUAGE_STANDARD = "gnu++20";
				CLANG_ENABLE_MODULES = YES;
				CLANG_ENABLE_OBJC_ARC = YES;
				CLANG_ENABLE_OBJC_WEAK = YES;
				CLANG_WARN_BLOCK_CAPTURE_AUTORELEASING = YES;
				CLANG_WARN_BOOL_CONVERSION = YES;
				CLANG_WARN_COMMA = YES;
				CLANG_WARN_CONSTANT_CONVERSION = YES;
				CLANG_WARN_DEPRECATED_OBJC_IMPLEMENTATIONS = YES;
				CLANG_WARN_DIRECT_OBJC_ISA_USAGE = YES_ERROR;
				CLANG_WARN_DOCUMENTATION_COMMENTS = YES;
				CLANG_WARN_EMPTY_BODY = YES;
				CLANG_WARN_ENUM_CONVERSION = YES;
				CLANG_WARN_INFINITE_RECURSION = YES;
				CLANG_WARN_INT_CONVERSION = YES;
				CLANG_WARN_NON_LITERAL_NULL_CONVERSION = YES;
				CLANG_WARN_OBJC_IMPLICIT_RETAIN_SELF = YES;
				CLANG_WARN_OBJC_LITERAL_CONVERSION = YES;
				CLANG_WARN_OBJC_ROOT_CLASS = YES_ERROR;
				CLANG_WARN_QUOTED_INCLUDE_IN_FRAMEWORK_HEADER = YES;
				CLANG_WARN_RANGE_LOOP_ANALYSIS = YES;
				CLANG_WARN_STRICT_PROTOTYPES = YES;
				CLANG_WARN_SUSPICIOUS_MOVE = YES;
				CLANG_WARN_UNGUARDED_AVAILABILITY = YES_AGGRESSIVE;
				CLANG_WARN_UNREACHABLE_CODE = YES;
				CLANG_WARN__DUPLICATE_METHOD_MATCH = YES;
				COPY_PHASE_STRIP = NO;
				DEBUG_INFORMATION_FORMAT = dwarf;
				ENABLE_STRICT_OBJC_MSGSEND = YES;
				ENABLE_TESTABILITY = YES;
				GCC_C_LANGUAGE_STANDARD = gnu11;
				GCC_DYNAMIC_NO_PIC = NO;
				GCC_NO_COMMON_BLOCKS = YES;
				GCC_OPTIMIZATION_LEVEL = 0;
				GCC_PREPROCESSOR_DEFINITIONS = (
					"DEBUG=1",
					"$(inherited)",
				);
				GCC_WARN_64_TO_32_BIT_CONVERSION = YES;
				GCC_WARN_ABOUT_RETURN_TYPE = YES_ERROR;
				GCC_WARN_UNDECLARED_SELECTOR = YES;
				GCC_WARN_UNINITIALIZED_AUTOS = YES_AGGRESSIVE;
				GCC_WARN_UNUSED_FUNCTION = YES;
				GCC_WARN_UNUSED_VARIABLE = YES;
				IPHONEOS_DEPLOYMENT_TARGET = 16.0;
				MTL_ENABLE_DEBUG_INFO = INCLUDE_SOURCE;
				MTL_FAST_MATH = YES;
				ONLY_ACTIVE_ARCH = YES;
				SDKROOT = iphoneos;
				SWIFT_ACTIVE_COMPILATION_CONDITIONS = DEBUG;
				SWIFT_OPTIMIZATION_LEVEL = "-Onone";
			};
			name = Debug;
		};
		58348B8A2A1A779800848CB7 /* Release */ = {
			isa = XCBuildConfiguration;
			buildSettings = {
				ALWAYS_SEARCH_USER_PATHS = NO;
				CLANG_ANALYZER_NONNULL = YES;
				CLANG_ANALYZER_NUMBER_OBJECT_CONVERSION = YES_AGGRESSIVE;
				CLANG_CXX_LANGUAGE_STANDARD = "gnu++20";
				CLANG_ENABLE_MODULES = YES;
				CLANG_ENABLE_OBJC_ARC = YES;
				CLANG_ENABLE_OBJC_WEAK = YES;
				CLANG_WARN_BLOCK_CAPTURE_AUTORELEASING = YES;
				CLANG_WARN_BOOL_CONVERSION = YES;
				CLANG_WARN_COMMA = YES;
				CLANG_WARN_CONSTANT_CONVERSION = YES;
				CLANG_WARN_DEPRECATED_OBJC_IMPLEMENTATIONS = YES;
				CLANG_WARN_DIRECT_OBJC_ISA_USAGE = YES_ERROR;
				CLANG_WARN_DOCUMENTATION_COMMENTS = YES;
				CLANG_WARN_EMPTY_BODY = YES;
				CLANG_WARN_ENUM_CONVERSION = YES;
				CLANG_WARN_INFINITE_RECURSION = YES;
				CLANG_WARN_INT_CONVERSION = YES;
				CLANG_WARN_NON_LITERAL_NULL_CONVERSION = YES;
				CLANG_WARN_OBJC_IMPLICIT_RETAIN_SELF = YES;
				CLANG_WARN_OBJC_LITERAL_CONVERSION = YES;
				CLANG_WARN_OBJC_ROOT_CLASS = YES_ERROR;
				CLANG_WARN_QUOTED_INCLUDE_IN_FRAMEWORK_HEADER = YES;
				CLANG_WARN_RANGE_LOOP_ANALYSIS = YES;
				CLANG_WARN_STRICT_PROTOTYPES = YES;
				CLANG_WARN_SUSPICIOUS_MOVE = YES;
				CLANG_WARN_UNGUARDED_AVAILABILITY = YES_AGGRESSIVE;
				CLANG_WARN_UNREACHABLE_CODE = YES;
				CLANG_WARN__DUPLICATE_METHOD_MATCH = YES;
				COPY_PHASE_STRIP = NO;
				DEBUG_INFORMATION_FORMAT = "dwarf-with-dsym";
				ENABLE_NS_ASSERTIONS = NO;
				ENABLE_STRICT_OBJC_MSGSEND = YES;
				GCC_C_LANGUAGE_STANDARD = gnu11;
				GCC_NO_COMMON_BLOCKS = YES;
				GCC_WARN_64_TO_32_BIT_CONVERSION = YES;
				GCC_WARN_ABOUT_RETURN_TYPE = YES_ERROR;
				GCC_WARN_UNDECLARED_SELECTOR = YES;
				GCC_WARN_UNINITIALIZED_AUTOS = YES_AGGRESSIVE;
				GCC_WARN_UNUSED_FUNCTION = YES;
				GCC_WARN_UNUSED_VARIABLE = YES;
				IPHONEOS_DEPLOYMENT_TARGET = 16.0;
				MTL_ENABLE_DEBUG_INFO = NO;
				MTL_FAST_MATH = YES;
				SDKROOT = iphoneos;
				SWIFT_COMPILATION_MODE = wholemodule;
				SWIFT_OPTIMIZATION_LEVEL = "-O";
				VALIDATE_PRODUCT = YES;
			};
			name = Release;
		};
		58348B8C2A1A779800848CB7 /* Debug */ = {
			isa = XCBuildConfiguration;
			buildSettings = {
				ASSETCATALOG_COMPILER_APPICON_NAME = AppIcon;
				ASSETCATALOG_COMPILER_GLOBAL_ACCENT_COLOR_NAME = AccentColor;
				CODE_SIGN_STYLE = Automatic;
				CURRENT_PROJECT_VERSION = 1;
				DEVELOPMENT_ASSET_PATHS = "\"Example/Preview Content\"";
				ENABLE_PREVIEWS = YES;
				GENERATE_INFOPLIST_FILE = YES;
				INFOPLIST_KEY_UIApplicationSceneManifest_Generation = YES;
				INFOPLIST_KEY_UIApplicationSupportsIndirectInputEvents = YES;
				INFOPLIST_KEY_UILaunchScreen_Generation = YES;
				INFOPLIST_KEY_UISupportedInterfaceOrientations_iPad = "UIInterfaceOrientationPortrait UIInterfaceOrientationPortraitUpsideDown UIInterfaceOrientationLandscapeLeft UIInterfaceOrientationLandscapeRight";
				INFOPLIST_KEY_UISupportedInterfaceOrientations_iPhone = "UIInterfaceOrientationPortrait UIInterfaceOrientationLandscapeLeft UIInterfaceOrientationLandscapeRight";
				LD_RUNPATH_SEARCH_PATHS = (
					"$(inherited)",
					"@executable_path/Frameworks",
				);
				MARKETING_VERSION = 1.0;
				PRODUCT_BUNDLE_IDENTIFIER = hu.example.metal.ui.example.Example;
				PRODUCT_NAME = "$(TARGET_NAME)";
				SWIFT_EMIT_LOC_STRINGS = YES;
				SWIFT_VERSION = 5.0;
				TARGETED_DEVICE_FAMILY = "1,2";
			};
			name = Debug;
		};
		58348B8D2A1A779800848CB7 /* Release */ = {
			isa = XCBuildConfiguration;
			buildSettings = {
				ASSETCATALOG_COMPILER_APPICON_NAME = AppIcon;
				ASSETCATALOG_COMPILER_GLOBAL_ACCENT_COLOR_NAME = AccentColor;
				CODE_SIGN_STYLE = Automatic;
				CURRENT_PROJECT_VERSION = 1;
				DEVELOPMENT_ASSET_PATHS = "\"Example/Preview Content\"";
				ENABLE_PREVIEWS = YES;
				GENERATE_INFOPLIST_FILE = YES;
				INFOPLIST_KEY_UIApplicationSceneManifest_Generation = YES;
				INFOPLIST_KEY_UIApplicationSupportsIndirectInputEvents = YES;
				INFOPLIST_KEY_UILaunchScreen_Generation = YES;
				INFOPLIST_KEY_UISupportedInterfaceOrientations_iPad = "UIInterfaceOrientationPortrait UIInterfaceOrientationPortraitUpsideDown UIInterfaceOrientationLandscapeLeft UIInterfaceOrientationLandscapeRight";
				INFOPLIST_KEY_UISupportedInterfaceOrientations_iPhone = "UIInterfaceOrientationPortrait UIInterfaceOrientationLandscapeLeft UIInterfaceOrientationLandscapeRight";
				LD_RUNPATH_SEARCH_PATHS = (
					"$(inherited)",
					"@executable_path/Frameworks",
				);
				MARKETING_VERSION = 1.0;
				PRODUCT_BUNDLE_IDENTIFIER = hu.example.metal.ui.example.Example;
				PRODUCT_NAME = "$(TARGET_NAME)";
				SWIFT_EMIT_LOC_STRINGS = YES;
				SWIFT_VERSION = 5.0;
				TARGETED_DEVICE_FAMILY = "1,2";
			};
			name = Release;
		};
		58348B8F2A1A779800848CB7 /* Debug */ = {
			isa = XCBuildConfiguration;
			buildSettings = {
				ALWAYS_EMBED_SWIFT_STANDARD_LIBRARIES = YES;
				BUNDLE_LOADER = "$(TEST_HOST)";
				CODE_SIGN_STYLE = Automatic;
				CURRENT_PROJECT_VERSION = 1;
				GENERATE_INFOPLIST_FILE = YES;
				IPHONEOS_DEPLOYMENT_TARGET = 16.0;
				MARKETING_VERSION = 1.0;
				PRODUCT_BUNDLE_IDENTIFIER = hu.example.metal.ui.example.ExampleTests;
				PRODUCT_NAME = "$(TARGET_NAME)";
				SWIFT_EMIT_LOC_STRINGS = NO;
				SWIFT_VERSION = 5.0;
				TARGETED_DEVICE_FAMILY = "1,2";
				TEST_HOST = "$(BUILT_PRODUCTS_DIR)/Example.app/$(BUNDLE_EXECUTABLE_FOLDER_PATH)/Example";
			};
			name = Debug;
		};
		58348B902A1A779800848CB7 /* Release */ = {
			isa = XCBuildConfiguration;
			buildSettings = {
				ALWAYS_EMBED_SWIFT_STANDARD_LIBRARIES = YES;
				BUNDLE_LOADER = "$(TEST_HOST)";
				CODE_SIGN_STYLE = Automatic;
				CURRENT_PROJECT_VERSION = 1;
				GENERATE_INFOPLIST_FILE = YES;
				IPHONEOS_DEPLOYMENT_TARGET = 16.0;
				MARKETING_VERSION = 1.0;
				PRODUCT_BUNDLE_IDENTIFIER = hu.example.metal.ui.example.ExampleTests;
				PRODUCT_NAME = "$(TARGET_NAME)";
				SWIFT_EMIT_LOC_STRINGS = NO;
				SWIFT_VERSION = 5.0;
				TARGETED_DEVICE_FAMILY = "1,2";
				TEST_HOST = "$(BUILT_PRODUCTS_DIR)/Example.app/$(BUNDLE_EXECUTABLE_FOLDER_PATH)/Example";
			};
			name = Release;
		};
		58348B922A1A779800848CB7 /* Debug */ = {
			isa = XCBuildConfiguration;
			buildSettings = {
				ALWAYS_EMBED_SWIFT_STANDARD_LIBRARIES = YES;
				CODE_SIGN_STYLE = Automatic;
				CURRENT_PROJECT_VERSION = 1;
				GENERATE_INFOPLIST_FILE = YES;
				MARKETING_VERSION = 1.0;
				PRODUCT_BUNDLE_IDENTIFIER = hu.example.metal.ui.example.ExampleUITests;
				PRODUCT_NAME = "$(TARGET_NAME)";
				SWIFT_EMIT_LOC_STRINGS = NO;
				SWIFT_VERSION = 5.0;
				TARGETED_DEVICE_FAMILY = "1,2";
				TEST_TARGET_NAME = Example;
			};
			name = Debug;
		};
		58348B932A1A779800848CB7 /* Release */ = {
			isa = XCBuildConfiguration;
			buildSettings = {
				ALWAYS_EMBED_SWIFT_STANDARD_LIBRARIES = YES;
				CODE_SIGN_STYLE = Automatic;
				CURRENT_PROJECT_VERSION = 1;
				GENERATE_INFOPLIST_FILE = YES;
				MARKETING_VERSION = 1.0;
				PRODUCT_BUNDLE_IDENTIFIER = hu.example.metal.ui.example.ExampleUITests;
				PRODUCT_NAME = "$(TARGET_NAME)";
				SWIFT_EMIT_LOC_STRINGS = NO;
				SWIFT_VERSION = 5.0;
				TARGETED_DEVICE_FAMILY = "1,2";
				TEST_TARGET_NAME = Example;
			};
			name = Release;
		};
/* End XCBuildConfiguration section */

/* Begin XCConfigurationList section */
		58348B622A1A779700848CB7 /* Build configuration list for PBXProject "Example" */ = {
			isa = XCConfigurationList;
			buildConfigurations = (
				58348B892A1A779800848CB7 /* Debug */,
				58348B8A2A1A779800848CB7 /* Release */,
			);
			defaultConfigurationIsVisible = 0;
			defaultConfigurationName = Release;
		};
		58348B8B2A1A779800848CB7 /* Build configuration list for PBXNativeTarget "Example" */ = {
			isa = XCConfigurationList;
			buildConfigurations = (
				58348B8C2A1A779800848CB7 /* Debug */,
				58348B8D2A1A779800848CB7 /* Release */,
			);
			defaultConfigurationIsVisible = 0;
			defaultConfigurationName = Release;
		};
		58348B8E2A1A779800848CB7 /* Build configuration list for PBXNativeTarget "ExampleTests" */ = {
			isa = XCConfigurationList;
			buildConfigurations = (
				58348B8F2A1A779800848CB7 /* Debug */,
				58348B902A1A779800848CB7 /* Release */,
			);
			defaultConfigurationIsVisible = 0;
			defaultConfigurationName = Release;
		};
		58348B912A1A779800848CB7 /* Build configuration list for PBXNativeTarget "ExampleUITests" */ = {
			isa = XCConfigurationList;
			buildConfigurations = (
				58348B922A1A779800848CB7 /* Debug */,
				58348B932A1A779800848CB7 /* Release */,
			);
			defaultConfigurationIsVisible = 0;
			defaultConfigurationName = Release;
		};
/* End XCConfigurationList section */

/* Begin XCRemoteSwiftPackageReference section */
		58348B942A1A77F600848CB7 /* XCRemoteSwiftPackageReference "MetalUI" */ = {
			isa = XCRemoteSwiftPackageReference;
			repositoryURL = "https://github.com/stateman92/MetalUI";
			requirement = {
				kind = exactVersion;
				version = 0.1.4;
			};
		};
/* End XCRemoteSwiftPackageReference section */

/* Begin XCSwiftPackageProductDependency section */
		58348B952A1A77F600848CB7 /* MetalUI */ = {
			isa = XCSwiftPackageProductDependency;
			package = 58348B942A1A77F600848CB7 /* XCRemoteSwiftPackageReference "MetalUI" */;
			productName = MetalUI;
		};
/* End XCSwiftPackageProductDependency section */
	};
	rootObject = 58348B5F2A1A779700848CB7 /* Project object */;
}
